
Microsoft Visual Studio Solution File, Format Version 12.00
# Visual Studio Version 17
VisualStudioVersion = 17.3.32811.315
MinimumVisualStudioVersion = 10.0.40219.1
Project("{FAE04EC0-301F-11D3-BF4B-00C04F79EFBC}") = "Alphabetic Phone Number Translator", "Alphabetic Phone Number Translator\Alphabetic Phone Number Translator.csproj", "{B45F7D36-2C1E-43C9-B2E5-AEAD81432680}"
EndProject
Global
	GlobalSection(SolutionConfigurationPlatforms) = preSolution
		Debug|Any CPU = Debug|Any CPU
		Release|Any CPU = Release|Any CPU
	EndGlobalSection
	GlobalSection(ProjectConfigurationPlatforms) = postSolution
		{B45F7D36-2C1E-43C9-B2E5-AEAD81432680}.Debug|Any CPU.ActiveCfg = Debug|Any CPU
		{B45F7D36-2C1E-43C9-B2E5-AEAD81432680}.Debug|Any CPU.Build.0 = Debug|Any CPU
		{B45F7D36-2C1E-43C9-B2E5-AEAD81432680}.Release|Any CPU.ActiveCfg = Release|Any CPU
		{B45F7D36-2C1E-43C9-B2E5-AEAD81432680}.Release|Any CPU.Build.0 = Release|Any CPU
	EndGlobalSection
	GlobalSection(SolutionProperties) = preSolution
		HideSolutionNode = FALSE
	EndGlobalSection
	GlobalSection(ExtensibilityGlobals) = postSolution
		SolutionGuid = {55795DF3-7FAE-403E-A8B4-BD9EC17088B6}
	EndGlobalSection
EndGlobal
